
Microsoft Visual Studio Solution File, Format Version 12.00
# Visual Studio Version 17
VisualStudioVersion = 17.2.32630.192
MinimumVisualStudioVersion = 10.0.40219.1
Project("{FAE04EC0-301F-11D3-BF4B-00C04F79EFBC}") = "TP1-AnalisisNumerico2022", "TP1-AnalisisNumerico2022.csproj", "{13FFA670-0EE0-4ACC-A0AC-B64D8A7F9C06}"
EndProject
Global
	GlobalSection(SolutionConfigurationPlatforms) = preSolution
		Debug|Any CPU = Debug|Any CPU
		Release|Any CPU = Release|Any CPU
	EndGlobalSection
	GlobalSection(ProjectConfigurationPlatforms) = postSolution
		{13FFA670-0EE0-4ACC-A0AC-B64D8A7F9C06}.Debug|Any CPU.ActiveCfg = Debug|Any CPU
		{13FFA670-0EE0-4ACC-A0AC-B64D8A7F9C06}.Debug|Any CPU.Build.0 = Debug|Any CPU
		{13FFA670-0EE0-4ACC-A0AC-B64D8A7F9C06}.Release|Any CPU.ActiveCfg = Release|Any CPU
		{13FFA670-0EE0-4ACC-A0AC-B64D8A7F9C06}.Release|Any CPU.Build.0 = Release|Any CPU
	EndGlobalSection
	GlobalSection(SolutionProperties) = preSolution
		HideSolutionNode = FALSE
	EndGlobalSection
	GlobalSection(ExtensibilityGlobals) = postSolution
		SolutionGuid = {EDD5A338-E6C0-4C11-B1E8-4ACC6E31BF75}
	EndGlobalSection
EndGlobal
